
Microsoft Visual Studio Solution File, Format Version 12.00
# Visual Studio Version 17
VisualStudioVersion = 17.4.33213.308
MinimumVisualStudioVersion = 10.0.40219.1
Project("{FAE04EC0-301F-11D3-BF4B-00C04F79EFBC}") = "CookingBook", "CookingBook.csproj", "{217EF73E-AF23-48B5-8972-CB1E37F3D2A4}"
EndProject
Global
	GlobalSection(SolutionConfigurationPlatforms) = preSolution
		Debug|Any CPU = Debug|Any CPU
		Release|Any CPU = Release|Any CPU
	EndGlobalSection
	GlobalSection(ProjectConfigurationPlatforms) = postSolution
		{217EF73E-AF23-48B5-8972-CB1E37F3D2A4}.Debug|Any CPU.ActiveCfg = Debug|Any CPU
		{217EF73E-AF23-48B5-8972-CB1E37F3D2A4}.Debug|Any CPU.Build.0 = Debug|Any CPU
		{217EF73E-AF23-48B5-8972-CB1E37F3D2A4}.Release|Any CPU.ActiveCfg = Release|Any CPU
		{217EF73E-AF23-48B5-8972-CB1E37F3D2A4}.Release|Any CPU.Build.0 = Release|Any CPU
	EndGlobalSection
	GlobalSection(SolutionProperties) = preSolution
		HideSolutionNode = FALSE
	EndGlobalSection
	GlobalSection(ExtensibilityGlobals) = postSolution
		SolutionGuid = {78413496-151E-4C4D-9C85-914B0DC35A3D}
	EndGlobalSection
EndGlobal
